// !$*UTF8*$!
{
	archiveVersion = 1;
	classes = {
	};
	objectVersion = 46;
	objects = {

/* Begin PBXBuildFile section */
		FCAD02A61534905100AEA714 /* Foundation.framework in Frameworks */ = {isa = PBXBuildFile; fileRef = FCAD02A51534905100AEA714 /* Foundation.framework */; };
		FCAD02A81534905100AEA714 /* UIKit.framework in Frameworks */ = {isa = PBXBuildFile; fileRef = FCAD02A71534905100AEA714 /* UIKit.framework */; };
		FCAD02AA1534905100AEA714 /* CoreGraphics.framework in Frameworks */ = {isa = PBXBuildFile; fileRef = FCAD02A91534905100AEA714 /* CoreGraphics.framework */; };
		FCAD02AC1534905100AEA714 /* AddressBook.framework in Frameworks */ = {isa = PBXBuildFile; fileRef = FCAD02AB1534905100AEA714 /* AddressBook.framework */; };
		FCAD02AE1534905100AEA714 /* AddressBookUI.framework in Frameworks */ = {isa = PBXBuildFile; fileRef = FCAD02AD1534905100AEA714 /* AddressBookUI.framework */; };
		FCAD02B01534905100AEA714 /* AudioToolbox.framework in Frameworks */ = {isa = PBXBuildFile; fileRef = FCAD02AF1534905100AEA714 /* AudioToolbox.framework */; };
		FCAD02B21534905100AEA714 /* AVFoundation.framework in Frameworks */ = {isa = PBXBuildFile; fileRef = FCAD02B11534905100AEA714 /* AVFoundation.framework */; };
		FCAD02B41534905100AEA714 /* CoreLocation.framework in Frameworks */ = {isa = PBXBuildFile; fileRef = FCAD02B31534905100AEA714 /* CoreLocation.framework */; };
		FCAD02B61534905100AEA714 /* MediaPlayer.framework in Frameworks */ = {isa = PBXBuildFile; fileRef = FCAD02B51534905100AEA714 /* MediaPlayer.framework */; };
		FCAD02B81534905100AEA714 /* QuartzCore.framework in Frameworks */ = {isa = PBXBuildFile; fileRef = FCAD02B71534905100AEA714 /* QuartzCore.framework */; };
		FCAD02BA1534905100AEA714 /* SystemConfiguration.framework in Frameworks */ = {isa = PBXBuildFile; fileRef = FCAD02B91534905100AEA714 /* SystemConfiguration.framework */; };
		FCAD02BC1534905100AEA714 /* MobileCoreServices.framework in Frameworks */ = {isa = PBXBuildFile; fileRef = FCAD02BB1534905100AEA714 /* MobileCoreServices.framework */; };
		FCAD02BE1534905100AEA714 /* CoreMedia.framework in Frameworks */ = {isa = PBXBuildFile; fileRef = FCAD02BD1534905100AEA714 /* CoreMedia.framework */; };
		FCAD02C41534905100AEA714 /* InfoPlist.strings in Resources */ = {isa = PBXBuildFile; fileRef = FCAD02C21534905100AEA714 /* InfoPlist.strings */; };
		FCAD02C61534905100AEA714 /* main.m in Sources */ = {isa = PBXBuildFile; fileRef = FCAD02C51534905100AEA714 /* main.m */; };
		FCAD02C91534905100AEA714 /* Cordova.framework in Frameworks */ = {isa = PBXBuildFile; fileRef = FCAD02C81534905100AEA714 /* Cordova.framework */; };
		FCAD02CE1534905100AEA714 /* Localizable.strings in Resources */ = {isa = PBXBuildFile; fileRef = FCAD02CC1534905100AEA714 /* Localizable.strings */; };
		FCAD02D21534905100AEA714 /* Localizable.strings in Resources */ = {isa = PBXBuildFile; fileRef = FCAD02D01534905100AEA714 /* Localizable.strings */; };
		FCAD02D61534905100AEA714 /* Localizable.strings in Resources */ = {isa = PBXBuildFile; fileRef = FCAD02D41534905100AEA714 /* Localizable.strings */; };
		FCAD02DA1534905100AEA714 /* Localizable.strings in Resources */ = {isa = PBXBuildFile; fileRef = FCAD02D81534905100AEA714 /* Localizable.strings */; };
		FCAD02DD1534905100AEA714 /* icon.png in Resources */ = {isa = PBXBuildFile; fileRef = FCAD02DC1534905100AEA714 /* icon.png */; };
		FCAD02DF1534905100AEA714 /* icon@2x.png in Resources */ = {isa = PBXBuildFile; fileRef = FCAD02DE1534905100AEA714 /* icon@2x.png */; };
		FCAD02E11534905200AEA714 /* icon-72.png in Resources */ = {isa = PBXBuildFile; fileRef = FCAD02E01534905200AEA714 /* icon-72.png */; };
		FCAD02E41534905200AEA714 /* Default.png in Resources */ = {isa = PBXBuildFile; fileRef = FCAD02E31534905200AEA714 /* Default.png */; };
		FCAD02E61534905200AEA714 /* Default@2x.png in Resources */ = {isa = PBXBuildFile; fileRef = FCAD02E51534905200AEA714 /* Default@2x.png */; };
		FCAD02E81534905200AEA714 /* Capture.bundle in Resources */ = {isa = PBXBuildFile; fileRef = FCAD02E71534905200AEA714 /* Capture.bundle */; };
		FCAD02EA1534905200AEA714 /* Cordova.plist in Resources */ = {isa = PBXBuildFile; fileRef = FCAD02E91534905200AEA714 /* Cordova.plist */; };
		FCAD02EE1534905200AEA714 /* AppDelegate.m in Sources */ = {isa = PBXBuildFile; fileRef = FCAD02ED1534905200AEA714 /* AppDelegate.m */; };
		FCAD02F11534905200AEA714 /* MainViewController.m in Sources */ = {isa = PBXBuildFile; fileRef = FCAD02F01534905200AEA714 /* MainViewController.m */; };
		FCAD02F31534905200AEA714 /* MainViewController.xib in Resources */ = {isa = PBXBuildFile; fileRef = FCAD02F21534905200AEA714 /* MainViewController.xib */; };
		FCAD02F71534905200AEA714 /* verify.sh in Resources */ = {isa = PBXBuildFile; fileRef = FCAD02F61534905200AEA714 /* verify.sh */; };
/* End PBXBuildFile section */

/* Begin PBXFileReference section */
		FCAD02A11534905100AEA714 /* COMP5527-Client.app */ = {isa = PBXFileReference; explicitFileType = wrapper.application; includeInIndex = 0; path = "COMP5527-Client.app"; sourceTree = BUILT_PRODUCTS_DIR; };
		FCAD02A51534905100AEA714 /* Foundation.framework */ = {isa = PBXFileReference; lastKnownFileType = wrapper.framework; name = Foundation.framework; path = System/Library/Frameworks/Foundation.framework; sourceTree = SDKROOT; };
		FCAD02A71534905100AEA714 /* UIKit.framework */ = {isa = PBXFileReference; lastKnownFileType = wrapper.framework; name = UIKit.framework; path = System/Library/Frameworks/UIKit.framework; sourceTree = SDKROOT; };
		FCAD02A91534905100AEA714 /* CoreGraphics.framework */ = {isa = PBXFileReference; lastKnownFileType = wrapper.framework; name = CoreGraphics.framework; path = System/Library/Frameworks/CoreGraphics.framework; sourceTree = SDKROOT; };
		FCAD02AB1534905100AEA714 /* AddressBook.framework */ = {isa = PBXFileReference; lastKnownFileType = wrapper.framework; name = AddressBook.framework; path = System/Library/Frameworks/AddressBook.framework; sourceTree = SDKROOT; };
		FCAD02AD1534905100AEA714 /* AddressBookUI.framework */ = {isa = PBXFileReference; lastKnownFileType = wrapper.framework; name = AddressBookUI.framework; path = System/Library/Frameworks/AddressBookUI.framework; sourceTree = SDKROOT; };
		FCAD02AF1534905100AEA714 /* AudioToolbox.framework */ = {isa = PBXFileReference; lastKnownFileType = wrapper.framework; name = AudioToolbox.framework; path = System/Library/Frameworks/AudioToolbox.framework; sourceTree = SDKROOT; };
		FCAD02B11534905100AEA714 /* AVFoundation.framework */ = {isa = PBXFileReference; lastKnownFileType = wrapper.framework; name = AVFoundation.framework; path = System/Library/Frameworks/AVFoundation.framework; sourceTree = SDKROOT; };
		FCAD02B31534905100AEA714 /* CoreLocation.framework */ = {isa = PBXFileReference; lastKnownFileType = wrapper.framework; name = CoreLocation.framework; path = System/Library/Frameworks/CoreLocation.framework; sourceTree = SDKROOT; };
		FCAD02B51534905100AEA714 /* MediaPlayer.framework */ = {isa = PBXFileReference; lastKnownFileType = wrapper.framework; name = MediaPlayer.framework; path = System/Library/Frameworks/MediaPlayer.framework; sourceTree = SDKROOT; };
		FCAD02B71534905100AEA714 /* QuartzCore.framework */ = {isa = PBXFileReference; lastKnownFileType = wrapper.framework; name = QuartzCore.framework; path = System/Library/Frameworks/QuartzCore.framework; sourceTree = SDKROOT; };
		FCAD02B91534905100AEA714 /* SystemConfiguration.framework */ = {isa = PBXFileReference; lastKnownFileType = wrapper.framework; name = SystemConfiguration.framework; path = System/Library/Frameworks/SystemConfiguration.framework; sourceTree = SDKROOT; };
		FCAD02BB1534905100AEA714 /* MobileCoreServices.framework */ = {isa = PBXFileReference; lastKnownFileType = wrapper.framework; name = MobileCoreServices.framework; path = System/Library/Frameworks/MobileCoreServices.framework; sourceTree = SDKROOT; };
		FCAD02BD1534905100AEA714 /* CoreMedia.framework */ = {isa = PBXFileReference; lastKnownFileType = wrapper.framework; name = CoreMedia.framework; path = System/Library/Frameworks/CoreMedia.framework; sourceTree = SDKROOT; };
		FCAD02C11534905100AEA714 /* COMP5527-Client-Info.plist */ = {isa = PBXFileReference; lastKnownFileType = text.plist.xml; path = "COMP5527-Client-Info.plist"; sourceTree = "<group>"; };
		FCAD02C31534905100AEA714 /* en */ = {isa = PBXFileReference; lastKnownFileType = text.plist.strings; name = en; path = en.lproj/InfoPlist.strings; sourceTree = "<group>"; };
		FCAD02C51534905100AEA714 /* main.m */ = {isa = PBXFileReference; lastKnownFileType = sourcecode.c.objc; path = main.m; sourceTree = "<group>"; };
		FCAD02C71534905100AEA714 /* COMP5527-Client-Prefix.pch */ = {isa = PBXFileReference; lastKnownFileType = sourcecode.c.h; path = "COMP5527-Client-Prefix.pch"; sourceTree = "<group>"; };
		FCAD02C81534905100AEA714 /* Cordova.framework */ = {isa = PBXFileReference; lastKnownFileType = wrapper.framework; name = Cordova.framework; path = /Users/Shared/Cordova/Frameworks/Cordova.framework; sourceTree = "<absolute>"; };
		FCAD02CD1534905100AEA714 /* en */ = {isa = PBXFileReference; lastKnownFileType = text.plist.strings; name = en; path = Resources/en.lproj/Localizable.strings; sourceTree = "<group>"; };
		FCAD02D11534905100AEA714 /* es */ = {isa = PBXFileReference; lastKnownFileType = text.plist.strings; name = es; path = Resources/es.lproj/Localizable.strings; sourceTree = "<group>"; };
		FCAD02D51534905100AEA714 /* de */ = {isa = PBXFileReference; lastKnownFileType = text.plist.strings; name = de; path = Resources/de.lproj/Localizable.strings; sourceTree = "<group>"; };
		FCAD02D91534905100AEA714 /* se */ = {isa = PBXFileReference; lastKnownFileType = text.plist.strings; name = se; path = Resources/se.lproj/Localizable.strings; sourceTree = "<group>"; };
		FCAD02DC1534905100AEA714 /* icon.png */ = {isa = PBXFileReference; lastKnownFileType = image.png; name = icon.png; path = Resources/icons/icon.png; sourceTree = "<group>"; };
		FCAD02DE1534905100AEA714 /* icon@2x.png */ = {isa = PBXFileReference; lastKnownFileType = image.png; name = "icon@2x.png"; path = "Resources/icons/icon@2x.png"; sourceTree = "<group>"; };
		FCAD02E01534905200AEA714 /* icon-72.png */ = {isa = PBXFileReference; lastKnownFileType = image.png; name = "icon-72.png"; path = "Resources/icons/icon-72.png"; sourceTree = "<group>"; };
		FCAD02E31534905200AEA714 /* Default.png */ = {isa = PBXFileReference; lastKnownFileType = image.png; name = Default.png; path = Resources/splash/Default.png; sourceTree = "<group>"; };
		FCAD02E51534905200AEA714 /* Default@2x.png */ = {isa = PBXFileReference; lastKnownFileType = image.png; name = "Default@2x.png"; path = "Resources/splash/Default@2x.png"; sourceTree = "<group>"; };
		FCAD02E71534905200AEA714 /* Capture.bundle */ = {isa = PBXFileReference; lastKnownFileType = "wrapper.plug-in"; name = Capture.bundle; path = Resources/Capture.bundle; sourceTree = "<group>"; };
		FCAD02E91534905200AEA714 /* Cordova.plist */ = {isa = PBXFileReference; lastKnownFileType = text.plist.xml; path = Cordova.plist; sourceTree = "<group>"; };
		FCAD02EC1534905200AEA714 /* AppDelegate.h */ = {isa = PBXFileReference; lastKnownFileType = sourcecode.c.h; name = AppDelegate.h; path = Classes/AppDelegate.h; sourceTree = "<group>"; };
		FCAD02ED1534905200AEA714 /* AppDelegate.m */ = {isa = PBXFileReference; lastKnownFileType = sourcecode.c.objc; name = AppDelegate.m; path = Classes/AppDelegate.m; sourceTree = "<group>"; };
		FCAD02EF1534905200AEA714 /* MainViewController.h */ = {isa = PBXFileReference; lastKnownFileType = sourcecode.c.h; name = MainViewController.h; path = Classes/MainViewController.h; sourceTree = "<group>"; };
		FCAD02F01534905200AEA714 /* MainViewController.m */ = {isa = PBXFileReference; lastKnownFileType = sourcecode.c.objc; name = MainViewController.m; path = Classes/MainViewController.m; sourceTree = "<group>"; };
		FCAD02F21534905200AEA714 /* MainViewController.xib */ = {isa = PBXFileReference; lastKnownFileType = file.xib; name = MainViewController.xib; path = Classes/MainViewController.xib; sourceTree = "<group>"; };
		FCAD02F51534905200AEA714 /* README */ = {isa = PBXFileReference; lastKnownFileType = text; name = README; path = Plugins/README; sourceTree = "<group>"; };
		FCAD02F61534905200AEA714 /* verify.sh */ = {isa = PBXFileReference; lastKnownFileType = text.script.sh; path = verify.sh; sourceTree = "<group>"; };
/* End PBXFileReference section */

/* Begin PBXFrameworksBuildPhase section */
		FCAD029B1534905100AEA714 /* Frameworks */ = {
			isa = PBXFrameworksBuildPhase;
			buildActionMask = 2147483647;
			files = (
				FCAD02A61534905100AEA714 /* Foundation.framework in Frameworks */,
				FCAD02A81534905100AEA714 /* UIKit.framework in Frameworks */,
				FCAD02AA1534905100AEA714 /* CoreGraphics.framework in Frameworks */,
				FCAD02AC1534905100AEA714 /* AddressBook.framework in Frameworks */,
				FCAD02AE1534905100AEA714 /* AddressBookUI.framework in Frameworks */,
				FCAD02B01534905100AEA714 /* AudioToolbox.framework in Frameworks */,
				FCAD02B21534905100AEA714 /* AVFoundation.framework in Frameworks */,
				FCAD02B41534905100AEA714 /* CoreLocation.framework in Frameworks */,
				FCAD02B61534905100AEA714 /* MediaPlayer.framework in Frameworks */,
				FCAD02B81534905100AEA714 /* QuartzCore.framework in Frameworks */,
				FCAD02BA1534905100AEA714 /* SystemConfiguration.framework in Frameworks */,
				FCAD02BC1534905100AEA714 /* MobileCoreServices.framework in Frameworks */,
				FCAD02BE1534905100AEA714 /* CoreMedia.framework in Frameworks */,
				FCAD02C91534905100AEA714 /* Cordova.framework in Frameworks */,
			);
			runOnlyForDeploymentPostprocessing = 0;
		};
		FCAD029E1534905100AEA714 /* Frameworks */ = {
			isa = PBXFrameworksBuildPhase;
			buildActionMask = 2147483647;
			files = (
			);
			runOnlyForDeploymentPostprocessing = 0;
		};
/* End PBXFrameworksBuildPhase section */

/* Begin PBXGroup section */
		FCAD02931534905100AEA714 = {
			isa = PBXGroup;
			children = (
				FCAD02BF1534905100AEA714 /* COMP5527-Client */,
				FCAD02A41534905100AEA714 /* Frameworks */,
				FCAD02A21534905100AEA714 /* Products */,
			);
			sourceTree = "<group>";
		};
		FCAD02A21534905100AEA714 /* Products */ = {
			isa = PBXGroup;
			children = (
				FCAD02A11534905100AEA714 /* COMP5527-Client.app */,
			);
			name = Products;
			sourceTree = "<group>";
		};
		FCAD02A41534905100AEA714 /* Frameworks */ = {
			isa = PBXGroup;
			children = (
				FCAD02A51534905100AEA714 /* Foundation.framework */,
				FCAD02A71534905100AEA714 /* UIKit.framework */,
				FCAD02A91534905100AEA714 /* CoreGraphics.framework */,
				FCAD02AB1534905100AEA714 /* AddressBook.framework */,
				FCAD02AD1534905100AEA714 /* AddressBookUI.framework */,
				FCAD02AF1534905100AEA714 /* AudioToolbox.framework */,
				FCAD02B11534905100AEA714 /* AVFoundation.framework */,
				FCAD02B31534905100AEA714 /* CoreLocation.framework */,
				FCAD02B51534905100AEA714 /* MediaPlayer.framework */,
				FCAD02B71534905100AEA714 /* QuartzCore.framework */,
				FCAD02B91534905100AEA714 /* SystemConfiguration.framework */,
				FCAD02BB1534905100AEA714 /* MobileCoreServices.framework */,
				FCAD02BD1534905100AEA714 /* CoreMedia.framework */,
			);
			name = Frameworks;
			sourceTree = "<group>";
		};
		FCAD02BF1534905100AEA714 /* COMP5527-Client */ = {
			isa = PBXGroup;
			children = (
				FCAD02C81534905100AEA714 /* Cordova.framework */,
				FCAD02CA1534905100AEA714 /* Resources */,
				FCAD02EB1534905200AEA714 /* Classes */,
				FCAD02F41534905200AEA714 /* Plugins */,
				FCAD02C01534905100AEA714 /* Supporting Files */,
			);
			path = "COMP5527-Client";
			sourceTree = "<group>";
		};
		FCAD02C01534905100AEA714 /* Supporting Files */ = {
			isa = PBXGroup;
			children = (
				FCAD02C11534905100AEA714 /* COMP5527-Client-Info.plist */,
				FCAD02C21534905100AEA714 /* InfoPlist.strings */,
				FCAD02C51534905100AEA714 /* main.m */,
				FCAD02C71534905100AEA714 /* COMP5527-Client-Prefix.pch */,
				FCAD02E91534905200AEA714 /* Cordova.plist */,
				FCAD02F21534905200AEA714 /* MainViewController.xib */,
				FCAD02F61534905200AEA714 /* verify.sh */,
			);
			name = "Supporting Files";
			sourceTree = "<group>";
		};
		FCAD02CA1534905100AEA714 /* Resources */ = {
			isa = PBXGroup;
			children = (
				FCAD02E71534905200AEA714 /* Capture.bundle */,
				FCAD02CB1534905100AEA714 /* en.lproj */,
				FCAD02CF1534905100AEA714 /* es.lproj */,
				FCAD02D31534905100AEA714 /* de.lproj */,
				FCAD02D71534905100AEA714 /* se.lproj */,
				FCAD02DB1534905100AEA714 /* icons */,
				FCAD02E21534905200AEA714 /* splash */,
			);
			name = Resources;
			sourceTree = "<group>";
		};
		FCAD02CB1534905100AEA714 /* en.lproj */ = {
			isa = PBXGroup;
			children = (
				FCAD02CC1534905100AEA714 /* Localizable.strings */,
			);
			name = en.lproj;
			sourceTree = "<group>";
		};
		FCAD02CF1534905100AEA714 /* es.lproj */ = {
			isa = PBXGroup;
			children = (
				FCAD02D01534905100AEA714 /* Localizable.strings */,
			);
			name = es.lproj;
			sourceTree = "<group>";
		};
		FCAD02D31534905100AEA714 /* de.lproj */ = {
			isa = PBXGroup;
			children = (
				FCAD02D41534905100AEA714 /* Localizable.strings */,
			);
			name = de.lproj;
			sourceTree = "<group>";
		};
		FCAD02D71534905100AEA714 /* se.lproj */ = {
			isa = PBXGroup;
			children = (
				FCAD02D81534905100AEA714 /* Localizable.strings */,
			);
			name = se.lproj;
			sourceTree = "<group>";
		};
		FCAD02DB1534905100AEA714 /* icons */ = {
			isa = PBXGroup;
			children = (
				FCAD02DC1534905100AEA714 /* icon.png */,
				FCAD02DE1534905100AEA714 /* icon@2x.png */,
				FCAD02E01534905200AEA714 /* icon-72.png */,
			);
			name = icons;
			sourceTree = "<group>";
		};
		FCAD02E21534905200AEA714 /* splash */ = {
			isa = PBXGroup;
			children = (
				FCAD02E31534905200AEA714 /* Default.png */,
				FCAD02E51534905200AEA714 /* Default@2x.png */,
			);
			name = splash;
			sourceTree = "<group>";
		};
		FCAD02EB1534905200AEA714 /* Classes */ = {
			isa = PBXGroup;
			children = (
				FCAD02EC1534905200AEA714 /* AppDelegate.h */,
				FCAD02ED1534905200AEA714 /* AppDelegate.m */,
				FCAD02EF1534905200AEA714 /* MainViewController.h */,
				FCAD02F01534905200AEA714 /* MainViewController.m */,
			);
			name = Classes;
			sourceTree = "<group>";
		};
		FCAD02F41534905200AEA714 /* Plugins */ = {
			isa = PBXGroup;
			children = (
				FCAD02F51534905200AEA714 /* README */,
			);
			name = Plugins;
			sourceTree = "<group>";
		};
/* End PBXGroup section */

/* Begin PBXNativeTarget section */
		FCAD02A01534905100AEA714 /* COMP5527-Client */ = {
			isa = PBXNativeTarget;
			buildConfigurationList = FCAD02FA1534905200AEA714 /* Build configuration list for PBXNativeTarget "COMP5527-Client" */;
			buildPhases = (
				FCAD029A1534905100AEA714 /* Sources */,
				FCAD029B1534905100AEA714 /* Frameworks */,
				FCAD029C1534905100AEA714 /* Resources */,
				FCAD029D1534905100AEA714 /* Sources */,
				FCAD029E1534905100AEA714 /* Frameworks */,
				FCAD029F1534905100AEA714 /* ShellScript */,
			);
			buildRules = (
			);
			dependencies = (
			);
			name = "COMP5527-Client";
			productName = "COMP5527-Client";
			productReference = FCAD02A11534905100AEA714 /* COMP5527-Client.app */;
			productType = "com.apple.product-type.application";
		};
/* End PBXNativeTarget section */

/* Begin PBXProject section */
		FCAD02951534905100AEA714 /* Project object */ = {
			isa = PBXProject;
			attributes = {
				LastUpgradeCheck = 0430;
			};
			buildConfigurationList = FCAD02981534905100AEA714 /* Build configuration list for PBXProject "COMP5527-Client" */;
			compatibilityVersion = "Xcode 3.2";
			developmentRegion = English;
			hasScannedForEncodings = 0;
			knownRegions = (
				en,
				es,
				de,
				se,
			);
			mainGroup = FCAD02931534905100AEA714;
			productRefGroup = FCAD02A21534905100AEA714 /* Products */;
			projectDirPath = "";
			projectRoot = "";
			targets = (
				FCAD02A01534905100AEA714 /* COMP5527-Client */,
			);
		};
/* End PBXProject section */

/* Begin PBXResourcesBuildPhase section */
		FCAD029C1534905100AEA714 /* Resources */ = {
			isa = PBXResourcesBuildPhase;
			buildActionMask = 2147483647;
			files = (
				FCAD02C41534905100AEA714 /* InfoPlist.strings in Resources */,
				FCAD02CE1534905100AEA714 /* Localizable.strings in Resources */,
				FCAD02D21534905100AEA714 /* Localizable.strings in Resources */,
				FCAD02D61534905100AEA714 /* Localizable.strings in Resources */,
				FCAD02DA1534905100AEA714 /* Localizable.strings in Resources */,
				FCAD02DD1534905100AEA714 /* icon.png in Resources */,
				FCAD02DF1534905100AEA714 /* icon@2x.png in Resources */,
				FCAD02E11534905200AEA714 /* icon-72.png in Resources */,
				FCAD02E41534905200AEA714 /* Default.png in Resources */,
				FCAD02E61534905200AEA714 /* Default@2x.png in Resources */,
				FCAD02E81534905200AEA714 /* Capture.bundle in Resources */,
				FCAD02EA1534905200AEA714 /* Cordova.plist in Resources */,
				FCAD02F31534905200AEA714 /* MainViewController.xib in Resources */,
				FCAD02F71534905200AEA714 /* verify.sh in Resources */,
			);
			runOnlyForDeploymentPostprocessing = 0;
		};
/* End PBXResourcesBuildPhase section */

/* Begin PBXShellScriptBuildPhase section */
		FCAD029F1534905100AEA714 /* ShellScript */ = {
			isa = PBXShellScriptBuildPhase;
			buildActionMask = 2147483647;
			files = (
			);
			inputPaths = (
			);
			outputPaths = (
			);
			runOnlyForDeploymentPostprocessing = 0;
			shellPath = /bin/bash;
			shellScript = "\n\t\t\t\t\t\t\t\tchmod 755 $PROJECT_DIR/$PROJECT_NAME/verify.sh\n\t\t\t\t\t\t\t\t$PROJECT_DIR/$PROJECT_NAME/verify.sh\n\t\t\t\t\t";
		};
/* End PBXShellScriptBuildPhase section */

/* Begin PBXSourcesBuildPhase section */
		FCAD029A1534905100AEA714 /* Sources */ = {
			isa = PBXSourcesBuildPhase;
			buildActionMask = 2147483647;
			files = (
				FCAD02C61534905100AEA714 /* main.m in Sources */,
				FCAD02EE1534905200AEA714 /* AppDelegate.m in Sources */,
				FCAD02F11534905200AEA714 /* MainViewController.m in Sources */,
			);
			runOnlyForDeploymentPostprocessing = 0;
		};
		FCAD029D1534905100AEA714 /* Sources */ = {
			isa = PBXSourcesBuildPhase;
			buildActionMask = 2147483647;
			files = (
			);
			runOnlyForDeploymentPostprocessing = 0;
		};
/* End PBXSourcesBuildPhase section */

/* Begin PBXVariantGroup section */
		FCAD02C21534905100AEA714 /* InfoPlist.strings */ = {
			isa = PBXVariantGroup;
			children = (
				FCAD02C31534905100AEA714 /* en */,
			);
			name = InfoPlist.strings;
			sourceTree = "<group>";
		};
		FCAD02CC1534905100AEA714 /* Localizable.strings */ = {
			isa = PBXVariantGroup;
			children = (
				FCAD02CD1534905100AEA714 /* en */,
			);
			name = Localizable.strings;
			sourceTree = "<group>";
		};
		FCAD02D01534905100AEA714 /* Localizable.strings */ = {
			isa = PBXVariantGroup;
			children = (
				FCAD02D11534905100AEA714 /* es */,
			);
			name = Localizable.strings;
			sourceTree = "<group>";
		};
		FCAD02D41534905100AEA714 /* Localizable.strings */ = {
			isa = PBXVariantGroup;
			children = (
				FCAD02D51534905100AEA714 /* de */,
			);
			name = Localizable.strings;
			sourceTree = "<group>";
		};
		FCAD02D81534905100AEA714 /* Localizable.strings */ = {
			isa = PBXVariantGroup;
			children = (
				FCAD02D91534905100AEA714 /* se */,
			);
			name = Localizable.strings;
			sourceTree = "<group>";
		};
/* End PBXVariantGroup section */

/* Begin XCBuildConfiguration section */
		FCAD02F81534905200AEA714 /* Debug */ = {
			isa = XCBuildConfiguration;
			buildSettings = {
				ALWAYS_SEARCH_USER_PATHS = NO;
				ARCHS = (
					armv6,
					"$(ARCHS_STANDARD_32_BIT)",
				);
				"CODE_SIGN_IDENTITY[sdk=iphoneos*]" = "iPhone Developer";
				COPY_PHASE_STRIP = NO;
				GCC_C_LANGUAGE_STANDARD = gnu99;
				GCC_DYNAMIC_NO_PIC = NO;
				GCC_OPTIMIZATION_LEVEL = 0;
				GCC_PREPROCESSOR_DEFINITIONS = (
					"DEBUG=1",
					"$(inherited)",
				);
				GCC_SYMBOLS_PRIVATE_EXTERN = NO;
				GCC_VERSION = com.apple.compilers.llvm.clang.1_0;
				GCC_WARN_ABOUT_RETURN_TYPE = YES;
				GCC_WARN_UNINITIALIZED_AUTOS = YES;
				GCC_WARN_UNUSED_VARIABLE = YES;
				IPHONEOS_DEPLOYMENT_TARGET = 3.0;
				SDKROOT = iphoneos;
			};
			name = Debug;
		};
		FCAD02F91534905200AEA714 /* Release */ = {
			isa = XCBuildConfiguration;
			buildSettings = {
				ALWAYS_SEARCH_USER_PATHS = NO;
				ARCHS = (
					armv6,
					"$(ARCHS_STANDARD_32_BIT)",
				);
				"CODE_SIGN_IDENTITY[sdk=iphoneos*]" = "iPhone Developer";
				COPY_PHASE_STRIP = YES;
				GCC_C_LANGUAGE_STANDARD = gnu99;
				GCC_VERSION = com.apple.compilers.llvm.clang.1_0;
				GCC_WARN_ABOUT_RETURN_TYPE = YES;
				GCC_WARN_UNINITIALIZED_AUTOS = YES;
				GCC_WARN_UNUSED_VARIABLE = YES;
				IPHONEOS_DEPLOYMENT_TARGET = 3.0;
				SDKROOT = iphoneos;
				VALIDATE_PRODUCT = YES;
			};
			name = Release;
		};
		FCAD02FB1534905200AEA714 /* Debug */ = {
			isa = XCBuildConfiguration;
			buildSettings = {
				ALWAYS_SEARCH_USER_PATHS = YES;
				COPY_PHASE_STRIP = NO;
				FRAMEWORK_SEARCH_PATHS = /Users/Shared/Cordova/Frameworks;
				GCC_DYNAMIC_NO_PIC = NO;
				GCC_PRECOMPILE_PREFIX_HEADER = YES;
				GCC_PREFIX_HEADER = "COMP5527-Client/COMP5527-Client-Prefix.pch";
				GCC_PREPROCESSOR_DEFINITIONS = (
					"DEBUG=1,",
					"CORDOVA_FRAMEWORK=1",
				);
				INFOPLIST_FILE = "COMP5527-Client/COMP5527-Client-Info.plist";
				OTHER_LDFLAGS = (
					"-weak_framework",
					UIKit,
					"-weak_framework",
					AVFoundation,
					"-weak_framework",
					CoreMedia,
					"-weak_library",
					/usr/lib/libSystem.B.dylib,
				);
				PRODUCT_NAME = "$(TARGET_NAME)";
				TARGETED_DEVICE_FAMILY = "1,2";
				WRAPPER_EXTENSION = app;
			};
			name = Debug;
		};
		FCAD02FC1534905200AEA714 /* Release */ = {
			isa = XCBuildConfiguration;
			buildSettings = {
				ALWAYS_SEARCH_USER_PATHS = YES;
				COPY_PHASE_STRIP = YES;
				DEBUG_INFORMATION_FORMAT = "dwarf-with-dsym";
				FRAMEWORK_SEARCH_PATHS = /Users/Shared/Cordova/Frameworks;
				GCC_PRECOMPILE_PREFIX_HEADER = YES;
				GCC_PREFIX_HEADER = "COMP5527-Client/COMP5527-Client-Prefix.pch";
				GCC_PREPROCESSOR_DEFINITIONS = (
					"NDEBUG=1,",
					"CORDOVA_FRAMEWORK=1",
				);
				INFOPLIST_FILE = "COMP5527-Client/COMP5527-Client-Info.plist";
				OTHER_LDFLAGS = (
					"-weak_framework",
					UIKit,
					"-weak_framework",
					AVFoundation,
					"-weak_framework",
					CoreMedia,
					"-weak_library",
					/usr/lib/libSystem.B.dylib,
				);
				PRODUCT_NAME = "$(TARGET_NAME)";
				TARGETED_DEVICE_FAMILY = "1,2";
				VALIDATE_PRODUCT = YES;
				WRAPPER_EXTENSION = app;
			};
			name = Release;
		};
/* End XCBuildConfiguration section */

/* Begin XCConfigurationList section */
		FCAD02981534905100AEA714 /* Build configuration list for PBXProject "COMP5527-Client" */ = {
			isa = XCConfigurationList;
			buildConfigurations = (
				FCAD02F81534905200AEA714 /* Debug */,
				FCAD02F91534905200AEA714 /* Release */,
			);
			defaultConfigurationIsVisible = 0;
			defaultConfigurationName = Release;
		};
		FCAD02FA1534905200AEA714 /* Build configuration list for PBXNativeTarget "COMP5527-Client" */ = {
			isa = XCConfigurationList;
			buildConfigurations = (
				FCAD02FB1534905200AEA714 /* Debug */,
				FCAD02FC1534905200AEA714 /* Release */,
			);
			defaultConfigurationIsVisible = 0;
		};
/* End XCConfigurationList section */
	};
	rootObject = FCAD02951534905100AEA714 /* Project object */;
}
